
Microsoft Visual Studio Solution File, Format Version 12.00
# Visual Studio Version 16
VisualStudioVersion = 16.0.29519.87
MinimumVisualStudioVersion = 10.0.40219.1
Project("{FAE04EC0-301F-11D3-BF4B-00C04F79EFBC}") = "Buy10ThingsWeb", "Buy10ThingsWeb\Buy10ThingsWeb.csproj", "{1B20D165-1363-4A80-B0BF-DB0BD7B78959}"
EndProject
Global
	GlobalSection(SolutionConfigurationPlatforms) = preSolution
		Debug|Any CPU = Debug|Any CPU
		Release|Any CPU = Release|Any CPU
	EndGlobalSection
	GlobalSection(ProjectConfigurationPlatforms) = postSolution
		{1B20D165-1363-4A80-B0BF-DB0BD7B78959}.Debug|Any CPU.ActiveCfg = Debug|Any CPU
		{1B20D165-1363-4A80-B0BF-DB0BD7B78959}.Debug|Any CPU.Build.0 = Debug|Any CPU
		{1B20D165-1363-4A80-B0BF-DB0BD7B78959}.Release|Any CPU.ActiveCfg = Release|Any CPU
		{1B20D165-1363-4A80-B0BF-DB0BD7B78959}.Release|Any CPU.Build.0 = Release|Any CPU
	EndGlobalSection
	GlobalSection(SolutionProperties) = preSolution
		HideSolutionNode = FALSE
	EndGlobalSection
	GlobalSection(ExtensibilityGlobals) = postSolution
		SolutionGuid = {BF6C9CD3-0432-4E4C-B899-8862375DB64C}
	EndGlobalSection
EndGlobal
